
Microsoft Visual Studio Solution File, Format Version 12.00
# Visual Studio Version 17
VisualStudioVersion = 17.14.36908.2 d17.14
MinimumVisualStudioVersion = 10.0.40219.1
Project("{FAE04EC0-301F-11D3-BF4B-00C04F79EFBC}") = "Selective Repeat Simulator", "Selective Repeat Simulator.csproj", "{80451F71-51D7-4D9C-A2BF-0FA177851728}"
EndProject
Global
	GlobalSection(SolutionConfigurationPlatforms) = preSolution
		Debug|Any CPU = Debug|Any CPU
		Release|Any CPU = Release|Any CPU
	EndGlobalSection
	GlobalSection(ProjectConfigurationPlatforms) = postSolution
		{80451F71-51D7-4D9C-A2BF-0FA177851728}.Debug|Any CPU.ActiveCfg = Debug|Any CPU
		{80451F71-51D7-4D9C-A2BF-0FA177851728}.Debug|Any CPU.Build.0 = Debug|Any CPU
		{80451F71-51D7-4D9C-A2BF-0FA177851728}.Release|Any CPU.ActiveCfg = Release|Any CPU
		{80451F71-51D7-4D9C-A2BF-0FA177851728}.Release|Any CPU.Build.0 = Release|Any CPU
	EndGlobalSection
	GlobalSection(SolutionProperties) = preSolution
		HideSolutionNode = FALSE
	EndGlobalSection
	GlobalSection(ExtensibilityGlobals) = postSolution
		SolutionGuid = {936CA6BF-BD8F-426F-8B78-B841201DEB3B}
	EndGlobalSection
EndGlobal
